
Microsoft Visual Studio Solution File, Format Version 12.00
# Visual Studio Version 16
VisualStudioVersion = 16.0.31005.135
MinimumVisualStudioVersion = 10.0.40219.1
Project("{FAE04EC0-301F-11D3-BF4B-00C04F79EFBC}") = "Pinautomaat", "Pinautomaat\Pinautomaat.csproj", "{0374AB67-0AF0-47FD-B286-965D2B91ABDD}"
EndProject
Global
	GlobalSection(SolutionConfigurationPlatforms) = preSolution
		Debug|Any CPU = Debug|Any CPU
		Release|Any CPU = Release|Any CPU
	EndGlobalSection
	GlobalSection(ProjectConfigurationPlatforms) = postSolution
		{0374AB67-0AF0-47FD-B286-965D2B91ABDD}.Debug|Any CPU.ActiveCfg = Debug|Any CPU
		{0374AB67-0AF0-47FD-B286-965D2B91ABDD}.Debug|Any CPU.Build.0 = Debug|Any CPU
		{0374AB67-0AF0-47FD-B286-965D2B91ABDD}.Release|Any CPU.ActiveCfg = Release|Any CPU
		{0374AB67-0AF0-47FD-B286-965D2B91ABDD}.Release|Any CPU.Build.0 = Release|Any CPU
	EndGlobalSection
	GlobalSection(SolutionProperties) = preSolution
		HideSolutionNode = FALSE
	EndGlobalSection
	GlobalSection(ExtensibilityGlobals) = postSolution
		SolutionGuid = {FBA68172-887D-4A85-BD31-6737BEB86F4A}
	EndGlobalSection
EndGlobal
